
Microsoft Visual Studio Solution File, Format Version 12.00
# Visual Studio Version 17
VisualStudioVersion = 17.0.31612.314
MinimumVisualStudioVersion = 10.0.40219.1
Project("{FAE04EC0-301F-11D3-BF4B-00C04F79EFBC}") = "Array_Packing_CodeSignal_Core_Test18", "Array_Packing_CodeSignal_Core_Test18\Array_Packing_CodeSignal_Core_Test18.csproj", "{FFF6A905-2323-4635-A9A7-5AA08FCB1CC1}"
EndProject
Global
	GlobalSection(SolutionConfigurationPlatforms) = preSolution
		Debug|Any CPU = Debug|Any CPU
		Release|Any CPU = Release|Any CPU
	EndGlobalSection
	GlobalSection(ProjectConfigurationPlatforms) = postSolution
		{FFF6A905-2323-4635-A9A7-5AA08FCB1CC1}.Debug|Any CPU.ActiveCfg = Debug|Any CPU
		{FFF6A905-2323-4635-A9A7-5AA08FCB1CC1}.Debug|Any CPU.Build.0 = Debug|Any CPU
		{FFF6A905-2323-4635-A9A7-5AA08FCB1CC1}.Release|Any CPU.ActiveCfg = Release|Any CPU
		{FFF6A905-2323-4635-A9A7-5AA08FCB1CC1}.Release|Any CPU.Build.0 = Release|Any CPU
	EndGlobalSection
	GlobalSection(SolutionProperties) = preSolution
		HideSolutionNode = FALSE
	EndGlobalSection
	GlobalSection(ExtensibilityGlobals) = postSolution
		SolutionGuid = {A2D7138A-9585-4894-8899-ED0FFCC10D10}
	EndGlobalSection
EndGlobal
